
Microsoft Visual Studio Solution File, Format Version 12.00
# Visual Studio 15
VisualStudioVersion = 15.0.28307.779
MinimumVisualStudioVersion = 10.0.40219.1
Project("{FAE04EC0-301F-11D3-BF4B-00C04F79EFBC}") = "MainCorreo", "MainCorreo\MainCorreo.csproj", "{09E67935-CF74-434F-8F69-47C4B4B00885}"
EndProject
Project("{FAE04EC0-301F-11D3-BF4B-00C04F79EFBC}") = "Entidades", "Entidades\Entidades.csproj", "{38259E4B-7F5D-44D0-9EF3-9AEE87264555}"
EndProject
Project("{FAE04EC0-301F-11D3-BF4B-00C04F79EFBC}") = "Test", "Test\Test.csproj", "{56FF7BAF-DD09-44F9-A6C6-18850BBFFCA2}"
EndProject
Global
	GlobalSection(SolutionConfigurationPlatforms) = preSolution
		Debug|Any CPU = Debug|Any CPU
		Release|Any CPU = Release|Any CPU
	EndGlobalSection
	GlobalSection(ProjectConfigurationPlatforms) = postSolution
		{09E67935-CF74-434F-8F69-47C4B4B00885}.Debug|Any CPU.ActiveCfg = Debug|Any CPU
		{09E67935-CF74-434F-8F69-47C4B4B00885}.Debug|Any CPU.Build.0 = Debug|Any CPU
		{09E67935-CF74-434F-8F69-47C4B4B00885}.Release|Any CPU.ActiveCfg = Release|Any CPU
		{09E67935-CF74-434F-8F69-47C4B4B00885}.Release|Any CPU.Build.0 = Release|Any CPU
		{38259E4B-7F5D-44D0-9EF3-9AEE87264555}.Debug|Any CPU.ActiveCfg = Debug|Any CPU
		{38259E4B-7F5D-44D0-9EF3-9AEE87264555}.Debug|Any CPU.Build.0 = Debug|Any CPU
		{38259E4B-7F5D-44D0-9EF3-9AEE87264555}.Release|Any CPU.ActiveCfg = Release|Any CPU
		{38259E4B-7F5D-44D0-9EF3-9AEE87264555}.Release|Any CPU.Build.0 = Release|Any CPU
		{56FF7BAF-DD09-44F9-A6C6-18850BBFFCA2}.Debug|Any CPU.ActiveCfg = Debug|Any CPU
		{56FF7BAF-DD09-44F9-A6C6-18850BBFFCA2}.Debug|Any CPU.Build.0 = Debug|Any CPU
		{56FF7BAF-DD09-44F9-A6C6-18850BBFFCA2}.Release|Any CPU.ActiveCfg = Release|Any CPU
		{56FF7BAF-DD09-44F9-A6C6-18850BBFFCA2}.Release|Any CPU.Build.0 = Release|Any CPU
	EndGlobalSection
	GlobalSection(SolutionProperties) = preSolution
		HideSolutionNode = FALSE
	EndGlobalSection
	GlobalSection(ExtensibilityGlobals) = postSolution
		SolutionGuid = {92AC1991-880E-4860-B333-1F6D35E5920F}
	EndGlobalSection
EndGlobal
